{
  "name": "use-esmodule",
  "lockfileVersion": 2,
  "requires": true,
  "packages": {
    "": {
      "name": "use-esmodule",
      "dependencies": {
        "axios-retry": "^3.3.1"
      }
    },
    "node_modules/@babel/runtime": {
      "version": "7.18.9",
      "resolved": "https://npm.uino.cn/@babel%2fruntime/-/runtime-7.18.9.tgz",
      "integrity": "sha512-lkqXDcvlFT5rvEjiu6+QYO+1GXrEHRo2LOtS7E4GtX5ESIZOgepqsZBVIj6Pv+a6zqsya9VCgiK1KAK4BvJDAw==",
      "license": "MIT",
      "dependencies": {
        "regenerator-runtime": "^0.13.4"
      },
      "engines": {
        "node": ">=6.9.0"
      }
    },
    "node_modules/axios-retry": {
      "version": "3.3.1",
      "resolved": "https://npm.uino.cn/axios-retry/-/axios-retry-3.3.1.tgz",
      "integrity": "sha512-RohAUQTDxBSWLFEnoIG/6bvmy8l3TfpkclgStjl5MDCMBDgapAWCmr1r/9harQfWC8bzLC8job6UcL1A1Yc+/Q==",
      "license": "Apache-2.0",
      "dependencies": {
        "@babel/runtime": "^7.15.4",
        "is-retry-allowed": "^2.2.0"
      }
    },
    "node_modules/is-retry-allowed": {
      "version": "2.2.0",
      "resolved": "https://npm.uino.cn/is-retry-allowed/-/is-retry-allowed-2.2.0.tgz",
      "integrity": "sha1-iPNMvSNuBD5xtpMtCbDGX7e01x0=",
      "license": "MIT",
      "engines": {
        "node": ">=10"
      },
      "funding": {
        "url": "https://github.com/sponsors/sindresorhus"
      }
    },
    "node_modules/regenerator-runtime": {
      "version": "0.13.9",
      "resolved": "https://npm.uino.cn/regenerator-runtime/-/regenerator-runtime-0.13.9.tgz",
      "integrity": "sha1-iSV0Kpj/2QgUmI11Zq0wyjsmO1I=",
      "license": "MIT"
    }
  },
  "dependencies": {
    "@babel/runtime": {
      "version": "7.18.9",
      "resolved": "https://npm.uino.cn/@babel%2fruntime/-/runtime-7.18.9.tgz",
      "integrity": "sha512-lkqXDcvlFT5rvEjiu6+QYO+1GXrEHRo2LOtS7E4GtX5ESIZOgepqsZBVIj6Pv+a6zqsya9VCgiK1KAK4BvJDAw==",
      "requires": {
        "regenerator-runtime": "^0.13.4"
      }
    },
    "axios-retry": {
      "version": "3.3.1",
      "resolved": "https://npm.uino.cn/axios-retry/-/axios-retry-3.3.1.tgz",
      "integrity": "sha512-RohAUQTDxBSWLFEnoIG/6bvmy8l3TfpkclgStjl5MDCMBDgapAWCmr1r/9harQfWC8bzLC8job6UcL1A1Yc+/Q==",
      "requires": {
        "@babel/runtime": "^7.15.4",
        "is-retry-allowed": "^2.2.0"
      }
    },
    "is-retry-allowed": {
      "version": "2.2.0",
      "resolved": "https://npm.uino.cn/is-retry-allowed/-/is-retry-allowed-2.2.0.tgz",
      "integrity": "sha1-iPNMvSNuBD5xtpMtCbDGX7e01x0="
    },
    "regenerator-runtime": {
      "version": "0.13.9",
      "resolved": "https://npm.uino.cn/regenerator-runtime/-/regenerator-runtime-0.13.9.tgz",
      "integrity": "sha1-iSV0Kpj/2QgUmI11Zq0wyjsmO1I="
    }
  }
}
